
Microsoft Visual Studio Solution File, Format Version 12.00
# Visual Studio Version 17
VisualStudioVersion = 17.4.33205.214
MinimumVisualStudioVersion = 10.0.40219.1
Project("{FAE04EC0-301F-11D3-BF4B-00C04F79EFBC}") = "MVCtask2", "MVCtask2\MVCtask2.csproj", "{8EF86EC9-4F98-4174-AE53-CF4DAC2BF41A}"
EndProject
Global
	GlobalSection(SolutionConfigurationPlatforms) = preSolution
		Debug|Any CPU = Debug|Any CPU
		Release|Any CPU = Release|Any CPU
	EndGlobalSection
	GlobalSection(ProjectConfigurationPlatforms) = postSolution
		{8EF86EC9-4F98-4174-AE53-CF4DAC2BF41A}.Debug|Any CPU.ActiveCfg = Debug|Any CPU
		{8EF86EC9-4F98-4174-AE53-CF4DAC2BF41A}.Debug|Any CPU.Build.0 = Debug|Any CPU
		{8EF86EC9-4F98-4174-AE53-CF4DAC2BF41A}.Release|Any CPU.ActiveCfg = Release|Any CPU
		{8EF86EC9-4F98-4174-AE53-CF4DAC2BF41A}.Release|Any CPU.Build.0 = Release|Any CPU
	EndGlobalSection
	GlobalSection(SolutionProperties) = preSolution
		HideSolutionNode = FALSE
	EndGlobalSection
	GlobalSection(ExtensibilityGlobals) = postSolution
		SolutionGuid = {5670AC5A-7EE3-4596-851A-AF695F3C60D3}
	EndGlobalSection
EndGlobal
